
Microsoft Visual Studio Solution File, Format Version 12.00
# Visual Studio 15
VisualStudioVersion = 15.0.27703.2026
MinimumVisualStudioVersion = 10.0.40219.1
Project("{FAE04EC0-301F-11D3-BF4B-00C04F79EFBC}") = "AliciaBot", "AliciaBot\AliciaBot.csproj", "{17696202-CB5E-409F-A6E6-40A6345BDE6B}"
EndProject
Global
	GlobalSection(SolutionConfigurationPlatforms) = preSolution
		Debug|Any CPU = Debug|Any CPU
		Release|Any CPU = Release|Any CPU
	EndGlobalSection
	GlobalSection(ProjectConfigurationPlatforms) = postSolution
		{17696202-CB5E-409F-A6E6-40A6345BDE6B}.Debug|Any CPU.ActiveCfg = Debug|Any CPU
		{17696202-CB5E-409F-A6E6-40A6345BDE6B}.Debug|Any CPU.Build.0 = Debug|Any CPU
		{17696202-CB5E-409F-A6E6-40A6345BDE6B}.Release|Any CPU.ActiveCfg = Release|Any CPU
		{17696202-CB5E-409F-A6E6-40A6345BDE6B}.Release|Any CPU.Build.0 = Release|Any CPU
	EndGlobalSection
	GlobalSection(SolutionProperties) = preSolution
		HideSolutionNode = FALSE
	EndGlobalSection
	GlobalSection(ExtensibilityGlobals) = postSolution
		SolutionGuid = {441B5556-7B6E-4231-AD18-2005A8676BF4}
	EndGlobalSection
EndGlobal
